
Microsoft Visual Studio Solution File, Format Version 12.00
Project("{FAE04EC0-301F-11D3-BF4B-00C04F79EFBC}") = "OpenTucan", "OpenTucan\OpenTucan.csproj", "{FC0D0354-5800-47C2-802D-9297D8292201}"
EndProject
Project("{FAE04EC0-301F-11D3-BF4B-00C04F79EFBC}") = "Editor", "Editor\Editor.csproj", "{F754AC51-DD89-40B7-B714-6E654BC8C77F}"
EndProject
Project("{FAE04EC0-301F-11D3-BF4B-00C04F79EFBC}") = "TucanFPS", "TucanFPS\TucanFPS.csproj", "{8E3DF50B-4D5E-40AB-A19A-81274106F9B5}"
EndProject
Project("{FAE04EC0-301F-11D3-BF4B-00C04F79EFBC}") = "TucanFPSDS", "TucanFPSDS\TucanFPSDS.csproj", "{8BC615C2-B68C-4217-A405-3328727BF9CC}"
EndProject
Project("{FAE04EC0-301F-11D3-BF4B-00C04F79EFBC}") = "TucanAnimator", "TucanAnimator\TucanAnimator.csproj", "{5CABC1EE-37DB-4B39-BED4-C0507E72692A}"
EndProject
Global
	GlobalSection(SolutionConfigurationPlatforms) = preSolution
		Debug|Any CPU = Debug|Any CPU
		Release|Any CPU = Release|Any CPU
	EndGlobalSection
	GlobalSection(ProjectConfigurationPlatforms) = postSolution
		{FC0D0354-5800-47C2-802D-9297D8292201}.Debug|Any CPU.ActiveCfg = Debug|Any CPU
		{FC0D0354-5800-47C2-802D-9297D8292201}.Debug|Any CPU.Build.0 = Debug|Any CPU
		{FC0D0354-5800-47C2-802D-9297D8292201}.Release|Any CPU.ActiveCfg = Release|Any CPU
		{FC0D0354-5800-47C2-802D-9297D8292201}.Release|Any CPU.Build.0 = Release|Any CPU
		{F754AC51-DD89-40B7-B714-6E654BC8C77F}.Debug|Any CPU.ActiveCfg = Debug|Any CPU
		{F754AC51-DD89-40B7-B714-6E654BC8C77F}.Debug|Any CPU.Build.0 = Debug|Any CPU
		{F754AC51-DD89-40B7-B714-6E654BC8C77F}.Release|Any CPU.ActiveCfg = Release|Any CPU
		{F754AC51-DD89-40B7-B714-6E654BC8C77F}.Release|Any CPU.Build.0 = Release|Any CPU
		{8E3DF50B-4D5E-40AB-A19A-81274106F9B5}.Debug|Any CPU.ActiveCfg = Debug|Any CPU
		{8E3DF50B-4D5E-40AB-A19A-81274106F9B5}.Debug|Any CPU.Build.0 = Debug|Any CPU
		{8E3DF50B-4D5E-40AB-A19A-81274106F9B5}.Release|Any CPU.ActiveCfg = Release|Any CPU
		{8E3DF50B-4D5E-40AB-A19A-81274106F9B5}.Release|Any CPU.Build.0 = Release|Any CPU
		{8BC615C2-B68C-4217-A405-3328727BF9CC}.Debug|Any CPU.ActiveCfg = Debug|Any CPU
		{8BC615C2-B68C-4217-A405-3328727BF9CC}.Debug|Any CPU.Build.0 = Debug|Any CPU
		{8BC615C2-B68C-4217-A405-3328727BF9CC}.Release|Any CPU.ActiveCfg = Release|Any CPU
		{8BC615C2-B68C-4217-A405-3328727BF9CC}.Release|Any CPU.Build.0 = Release|Any CPU
		{5CABC1EE-37DB-4B39-BED4-C0507E72692A}.Debug|Any CPU.ActiveCfg = Debug|Any CPU
		{5CABC1EE-37DB-4B39-BED4-C0507E72692A}.Debug|Any CPU.Build.0 = Debug|Any CPU
		{5CABC1EE-37DB-4B39-BED4-C0507E72692A}.Release|Any CPU.ActiveCfg = Release|Any CPU
		{5CABC1EE-37DB-4B39-BED4-C0507E72692A}.Release|Any CPU.Build.0 = Release|Any CPU
	EndGlobalSection
EndGlobal
